
Microsoft Visual Studio Solution File, Format Version 12.00
# Visual Studio Version 16
VisualStudioVersion = 16.0.31911.196
MinimumVisualStudioVersion = 10.0.40219.1
Project("{FAE04EC0-301F-11D3-BF4B-00C04F79EFBC}") = "Domain", "Domain\Domain.csproj", "{BD179250-452C-4404-9F1A-F744DAA9380B}"
EndProject
Project("{FAE04EC0-301F-11D3-BF4B-00C04F79EFBC}") = "DataAccess", "DataAccess\DataAccess.csproj", "{73BDB24F-A94C-42F8-894E-D9AE73D4BD41}"
EndProject
Project("{FAE04EC0-301F-11D3-BF4B-00C04F79EFBC}") = "Common", "Common\Common.csproj", "{5E381BE3-A439-4B14-AAED-DE2A8DA6F5B6}"
EndProject
Project("{FAE04EC0-301F-11D3-BF4B-00C04F79EFBC}") = "Presentation", "Presentation\Presentation.csproj", "{B8FD4845-C35D-41AA-A82F-30FFEB66BD4A}"
EndProject
Global
	GlobalSection(SolutionConfigurationPlatforms) = preSolution
		Debug|Any CPU = Debug|Any CPU
		Release|Any CPU = Release|Any CPU
	EndGlobalSection
	GlobalSection(ProjectConfigurationPlatforms) = postSolution
		{BD179250-452C-4404-9F1A-F744DAA9380B}.Debug|Any CPU.ActiveCfg = Debug|Any CPU
		{BD179250-452C-4404-9F1A-F744DAA9380B}.Debug|Any CPU.Build.0 = Debug|Any CPU
		{BD179250-452C-4404-9F1A-F744DAA9380B}.Release|Any CPU.ActiveCfg = Release|Any CPU
		{BD179250-452C-4404-9F1A-F744DAA9380B}.Release|Any CPU.Build.0 = Release|Any CPU
		{73BDB24F-A94C-42F8-894E-D9AE73D4BD41}.Debug|Any CPU.ActiveCfg = Debug|Any CPU
		{73BDB24F-A94C-42F8-894E-D9AE73D4BD41}.Debug|Any CPU.Build.0 = Debug|Any CPU
		{73BDB24F-A94C-42F8-894E-D9AE73D4BD41}.Release|Any CPU.ActiveCfg = Release|Any CPU
		{73BDB24F-A94C-42F8-894E-D9AE73D4BD41}.Release|Any CPU.Build.0 = Release|Any CPU
		{5E381BE3-A439-4B14-AAED-DE2A8DA6F5B6}.Debug|Any CPU.ActiveCfg = Debug|Any CPU
		{5E381BE3-A439-4B14-AAED-DE2A8DA6F5B6}.Debug|Any CPU.Build.0 = Debug|Any CPU
		{5E381BE3-A439-4B14-AAED-DE2A8DA6F5B6}.Release|Any CPU.ActiveCfg = Release|Any CPU
		{5E381BE3-A439-4B14-AAED-DE2A8DA6F5B6}.Release|Any CPU.Build.0 = Release|Any CPU
		{B8FD4845-C35D-41AA-A82F-30FFEB66BD4A}.Debug|Any CPU.ActiveCfg = Debug|Any CPU
		{B8FD4845-C35D-41AA-A82F-30FFEB66BD4A}.Debug|Any CPU.Build.0 = Debug|Any CPU
		{B8FD4845-C35D-41AA-A82F-30FFEB66BD4A}.Release|Any CPU.ActiveCfg = Release|Any CPU
		{B8FD4845-C35D-41AA-A82F-30FFEB66BD4A}.Release|Any CPU.Build.0 = Release|Any CPU
	EndGlobalSection
	GlobalSection(SolutionProperties) = preSolution
		HideSolutionNode = FALSE
	EndGlobalSection
	GlobalSection(ExtensibilityGlobals) = postSolution
		SolutionGuid = {DEBE1B68-DED5-43D9-AE9A-DF33B5FEA35C}
	EndGlobalSection
EndGlobal
