
Microsoft Visual Studio Solution File, Format Version 12.00
# Visual Studio Version 16
VisualStudioVersion = 16.0.31911.196
MinimumVisualStudioVersion = 10.0.40219.1
Project("{FAE04EC0-301F-11D3-BF4B-00C04F79EFBC}") = "InterlensSV_Control_Center", "InterlensSV_Control_Center\InterlensSV_Control_Center.csproj", "{0816CF84-FD1D-453C-9B42-EE5F8A796999}"
EndProject
Global
	GlobalSection(SolutionConfigurationPlatforms) = preSolution
		Debug|Any CPU = Debug|Any CPU
		Release|Any CPU = Release|Any CPU
	EndGlobalSection
	GlobalSection(ProjectConfigurationPlatforms) = postSolution
		{0816CF84-FD1D-453C-9B42-EE5F8A796999}.Debug|Any CPU.ActiveCfg = Debug|Any CPU
		{0816CF84-FD1D-453C-9B42-EE5F8A796999}.Debug|Any CPU.Build.0 = Debug|Any CPU
		{0816CF84-FD1D-453C-9B42-EE5F8A796999}.Release|Any CPU.ActiveCfg = Release|Any CPU
		{0816CF84-FD1D-453C-9B42-EE5F8A796999}.Release|Any CPU.Build.0 = Release|Any CPU
	EndGlobalSection
	GlobalSection(SolutionProperties) = preSolution
		HideSolutionNode = FALSE
	EndGlobalSection
	GlobalSection(ExtensibilityGlobals) = postSolution
		SolutionGuid = {DEBE1B68-DED5-43D9-AE9A-DF33B5FEA35C}
	EndGlobalSection
EndGlobal
